{
  "R": {
    "Version": "4.4.2",
    "Repositories": [
      {
        "Name": "CRAN",
        "URL": "https://packagemanager.posit.co/cran/latest"
      }
    ]
  },
  "Packages": {
    "getopt": {
      "Package": "getopt",
      "Version": "1.20.4",
      "Source": "Repository",
      "Repository": "CRAN",
      "Requirements": [
        "stats"
      ],
      "Hash": "ed33b16c6d24f7ced1d68877ac2509ee"
    },
    "optparse": {
      "Package": "optparse",
      "Version": "1.7.5",
      "Source": "Repository",
      "Repository": "CRAN",
      "Requirements": [
        "R",
        "getopt",
        "methods"
      ],
      "Hash": "ce5f8381cd2c38d1fc14c83d8b21efd0"
    },
    "renv": {
      "Package": "renv",
      "Version": "1.0.11",
      "Source": "Repository",
      "Repository": "CRAN",
      "Requirements": [
        "utils"
      ],
      "Hash": "47623f66b4e80b3b0587bc5d7b309888"
    }
  }
}
